
Microsoft Visual Studio Solution File, Format Version 12.00
# Visual Studio 2013
VisualStudioVersion = 12.0.40629.0
MinimumVisualStudioVersion = 10.0.40219.1
Project("{FAE04EC0-301F-11D3-BF4B-00C04F79EFBC}") = "Crawler", "Crawler\Crawler.csproj", "{50993176-A681-48E1-B3E6-99AEDB089809}"
EndProject
Project("{FAE04EC0-301F-11D3-BF4B-00C04F79EFBC}") = "Crawler.BLL", "Crawler.BLL\Crawler.BLL.csproj", "{0A0A46FB-987C-45E9-AA6C-F8FA7A4C43F7}"
EndProject
Project("{FAE04EC0-301F-11D3-BF4B-00C04F79EFBC}") = "Crawler.DAL", "Crawler.DAL\Crawler.DAL.csproj", "{68542A42-EF68-4C71-BF61-E1DD250E31ED}"
EndProject
Global
	GlobalSection(SolutionConfigurationPlatforms) = preSolution
		Debug|Any CPU = Debug|Any CPU
		Release|Any CPU = Release|Any CPU
	EndGlobalSection
	GlobalSection(ProjectConfigurationPlatforms) = postSolution
		{50993176-A681-48E1-B3E6-99AEDB089809}.Debug|Any CPU.ActiveCfg = Debug|Any CPU
		{50993176-A681-48E1-B3E6-99AEDB089809}.Debug|Any CPU.Build.0 = Debug|Any CPU
		{50993176-A681-48E1-B3E6-99AEDB089809}.Release|Any CPU.ActiveCfg = Release|Any CPU
		{50993176-A681-48E1-B3E6-99AEDB089809}.Release|Any CPU.Build.0 = Release|Any CPU
		{0A0A46FB-987C-45E9-AA6C-F8FA7A4C43F7}.Debug|Any CPU.ActiveCfg = Debug|Any CPU
		{0A0A46FB-987C-45E9-AA6C-F8FA7A4C43F7}.Debug|Any CPU.Build.0 = Debug|Any CPU
		{0A0A46FB-987C-45E9-AA6C-F8FA7A4C43F7}.Release|Any CPU.ActiveCfg = Release|Any CPU
		{0A0A46FB-987C-45E9-AA6C-F8FA7A4C43F7}.Release|Any CPU.Build.0 = Release|Any CPU
		{68542A42-EF68-4C71-BF61-E1DD250E31ED}.Debug|Any CPU.ActiveCfg = Debug|Any CPU
		{68542A42-EF68-4C71-BF61-E1DD250E31ED}.Debug|Any CPU.Build.0 = Debug|Any CPU
		{68542A42-EF68-4C71-BF61-E1DD250E31ED}.Release|Any CPU.ActiveCfg = Release|Any CPU
		{68542A42-EF68-4C71-BF61-E1DD250E31ED}.Release|Any CPU.Build.0 = Release|Any CPU
	EndGlobalSection
	GlobalSection(SolutionProperties) = preSolution
		HideSolutionNode = FALSE
	EndGlobalSection
EndGlobal
